
Microsoft Visual Studio Solution File, Format Version 12.00
# Visual Studio Version 17
VisualStudioVersion = 17.5.33516.290
MinimumVisualStudioVersion = 10.0.40219.1
Project("{FAE04EC0-301F-11D3-BF4B-00C04F79EFBC}") = "ARRAYLIST S", "ARRAYLIST S\ARRAYLIST S.csproj", "{016C5A61-B91F-4C19-96B2-1E46B0DEE7CA}"
EndProject
Global
	GlobalSection(SolutionConfigurationPlatforms) = preSolution
		Debug|Any CPU = Debug|Any CPU
		Release|Any CPU = Release|Any CPU
	EndGlobalSection
	GlobalSection(ProjectConfigurationPlatforms) = postSolution
		{016C5A61-B91F-4C19-96B2-1E46B0DEE7CA}.Debug|Any CPU.ActiveCfg = Debug|Any CPU
		{016C5A61-B91F-4C19-96B2-1E46B0DEE7CA}.Debug|Any CPU.Build.0 = Debug|Any CPU
		{016C5A61-B91F-4C19-96B2-1E46B0DEE7CA}.Release|Any CPU.ActiveCfg = Release|Any CPU
		{016C5A61-B91F-4C19-96B2-1E46B0DEE7CA}.Release|Any CPU.Build.0 = Release|Any CPU
	EndGlobalSection
	GlobalSection(SolutionProperties) = preSolution
		HideSolutionNode = FALSE
	EndGlobalSection
	GlobalSection(ExtensibilityGlobals) = postSolution
		SolutionGuid = {2738112D-4E47-4B81-942F-E5BC482C1206}
	EndGlobalSection
EndGlobal
