
Microsoft Visual Studio Solution File, Format Version 12.00
# Visual Studio Version 17
VisualStudioVersion = 17.5.33516.290
MinimumVisualStudioVersion = 10.0.40219.1
Project("{FAE04EC0-301F-11D3-BF4B-00C04F79EFBC}") = "EXCEPTION3", "EXCEPTION3\EXCEPTION3.csproj", "{4AD33BB3-E143-411B-8E07-3B6BC44EAE24}"
EndProject
Global
	GlobalSection(SolutionConfigurationPlatforms) = preSolution
		Debug|Any CPU = Debug|Any CPU
		Release|Any CPU = Release|Any CPU
	EndGlobalSection
	GlobalSection(ProjectConfigurationPlatforms) = postSolution
		{4AD33BB3-E143-411B-8E07-3B6BC44EAE24}.Debug|Any CPU.ActiveCfg = Debug|Any CPU
		{4AD33BB3-E143-411B-8E07-3B6BC44EAE24}.Debug|Any CPU.Build.0 = Debug|Any CPU
		{4AD33BB3-E143-411B-8E07-3B6BC44EAE24}.Release|Any CPU.ActiveCfg = Release|Any CPU
		{4AD33BB3-E143-411B-8E07-3B6BC44EAE24}.Release|Any CPU.Build.0 = Release|Any CPU
	EndGlobalSection
	GlobalSection(SolutionProperties) = preSolution
		HideSolutionNode = FALSE
	EndGlobalSection
	GlobalSection(ExtensibilityGlobals) = postSolution
		SolutionGuid = {0572B1E1-1EDE-4F8A-9E0E-62B2B949B6CC}
	EndGlobalSection
EndGlobal
