
Microsoft Visual Studio Solution File, Format Version 12.00
# Visual Studio Version 17
VisualStudioVersion = 17.5.33516.290
MinimumVisualStudioVersion = 10.0.40219.1
Project("{FAE04EC0-301F-11D3-BF4B-00C04F79EFBC}") = "dt", "dt\dt.csproj", "{6B4DFDF7-8DD6-49C7-B416-1F98022ABEED}"
EndProject
Global
	GlobalSection(SolutionConfigurationPlatforms) = preSolution
		Debug|Any CPU = Debug|Any CPU
		Release|Any CPU = Release|Any CPU
	EndGlobalSection
	GlobalSection(ProjectConfigurationPlatforms) = postSolution
		{6B4DFDF7-8DD6-49C7-B416-1F98022ABEED}.Debug|Any CPU.ActiveCfg = Debug|Any CPU
		{6B4DFDF7-8DD6-49C7-B416-1F98022ABEED}.Debug|Any CPU.Build.0 = Debug|Any CPU
		{6B4DFDF7-8DD6-49C7-B416-1F98022ABEED}.Release|Any CPU.ActiveCfg = Release|Any CPU
		{6B4DFDF7-8DD6-49C7-B416-1F98022ABEED}.Release|Any CPU.Build.0 = Release|Any CPU
	EndGlobalSection
	GlobalSection(SolutionProperties) = preSolution
		HideSolutionNode = FALSE
	EndGlobalSection
	GlobalSection(ExtensibilityGlobals) = postSolution
		SolutionGuid = {6F353CDD-C8DD-403F-B4AB-7E471CC8BA15}
	EndGlobalSection
EndGlobal
