
Microsoft Visual Studio Solution File, Format Version 12.00
# Visual Studio Version 17
VisualStudioVersion = 17.5.33516.290
MinimumVisualStudioVersion = 10.0.40219.1
Project("{FAE04EC0-301F-11D3-BF4B-00C04F79EFBC}") = "2", "2\2.csproj", "{513D249C-782F-47CA-8102-A81A19098C6B}"
EndProject
Global
	GlobalSection(SolutionConfigurationPlatforms) = preSolution
		Debug|Any CPU = Debug|Any CPU
		Release|Any CPU = Release|Any CPU
	EndGlobalSection
	GlobalSection(ProjectConfigurationPlatforms) = postSolution
		{513D249C-782F-47CA-8102-A81A19098C6B}.Debug|Any CPU.ActiveCfg = Debug|Any CPU
		{513D249C-782F-47CA-8102-A81A19098C6B}.Debug|Any CPU.Build.0 = Debug|Any CPU
		{513D249C-782F-47CA-8102-A81A19098C6B}.Release|Any CPU.ActiveCfg = Release|Any CPU
		{513D249C-782F-47CA-8102-A81A19098C6B}.Release|Any CPU.Build.0 = Release|Any CPU
	EndGlobalSection
	GlobalSection(SolutionProperties) = preSolution
		HideSolutionNode = FALSE
	EndGlobalSection
	GlobalSection(ExtensibilityGlobals) = postSolution
		SolutionGuid = {02D102E5-3EE7-4342-B975-FA902CA3FE3E}
	EndGlobalSection
EndGlobal
