
Microsoft Visual Studio Solution File, Format Version 12.00
# Visual Studio Version 17
VisualStudioVersion = 17.5.33516.290
MinimumVisualStudioVersion = 10.0.40219.1
Project("{FAE04EC0-301F-11D3-BF4B-00C04F79EFBC}") = "delegate", "delegate\delegate.csproj", "{ACDB65B3-38FA-470E-9F0C-6EBA5BA1B9AD}"
EndProject
Global
	GlobalSection(SolutionConfigurationPlatforms) = preSolution
		Debug|Any CPU = Debug|Any CPU
		Release|Any CPU = Release|Any CPU
	EndGlobalSection
	GlobalSection(ProjectConfigurationPlatforms) = postSolution
		{ACDB65B3-38FA-470E-9F0C-6EBA5BA1B9AD}.Debug|Any CPU.ActiveCfg = Debug|Any CPU
		{ACDB65B3-38FA-470E-9F0C-6EBA5BA1B9AD}.Debug|Any CPU.Build.0 = Debug|Any CPU
		{ACDB65B3-38FA-470E-9F0C-6EBA5BA1B9AD}.Release|Any CPU.ActiveCfg = Release|Any CPU
		{ACDB65B3-38FA-470E-9F0C-6EBA5BA1B9AD}.Release|Any CPU.Build.0 = Release|Any CPU
	EndGlobalSection
	GlobalSection(SolutionProperties) = preSolution
		HideSolutionNode = FALSE
	EndGlobalSection
	GlobalSection(ExtensibilityGlobals) = postSolution
		SolutionGuid = {17322178-3882-4F34-B77E-2CBEFD88B874}
	EndGlobalSection
EndGlobal
