
Microsoft Visual Studio Solution File, Format Version 12.00
# Visual Studio Version 17
VisualStudioVersion = 17.5.33516.290
MinimumVisualStudioVersion = 10.0.40219.1
Project("{FAE04EC0-301F-11D3-BF4B-00C04F79EFBC}") = "efDemo5", "efDemo5\efDemo5.csproj", "{BB2C04B2-C64A-41DF-B678-CD2A56F4A833}"
EndProject
Global
	GlobalSection(SolutionConfigurationPlatforms) = preSolution
		Debug|Any CPU = Debug|Any CPU
		Release|Any CPU = Release|Any CPU
	EndGlobalSection
	GlobalSection(ProjectConfigurationPlatforms) = postSolution
		{BB2C04B2-C64A-41DF-B678-CD2A56F4A833}.Debug|Any CPU.ActiveCfg = Debug|Any CPU
		{BB2C04B2-C64A-41DF-B678-CD2A56F4A833}.Debug|Any CPU.Build.0 = Debug|Any CPU
		{BB2C04B2-C64A-41DF-B678-CD2A56F4A833}.Release|Any CPU.ActiveCfg = Release|Any CPU
		{BB2C04B2-C64A-41DF-B678-CD2A56F4A833}.Release|Any CPU.Build.0 = Release|Any CPU
	EndGlobalSection
	GlobalSection(SolutionProperties) = preSolution
		HideSolutionNode = FALSE
	EndGlobalSection
	GlobalSection(ExtensibilityGlobals) = postSolution
		SolutionGuid = {6186EC94-EA04-4042-8573-68FC4E96517F}
	EndGlobalSection
EndGlobal
