
Microsoft Visual Studio Solution File, Format Version 12.00
# Visual Studio Version 17
VisualStudioVersion = 17.5.33516.290
MinimumVisualStudioVersion = 10.0.40219.1
Project("{FAE04EC0-301F-11D3-BF4B-00C04F79EFBC}") = "area of a circle", "area of a circle\area of a circle.csproj", "{62C2CE05-5A35-4788-8E99-83AB53019DCF}"
EndProject
Global
	GlobalSection(SolutionConfigurationPlatforms) = preSolution
		Debug|Any CPU = Debug|Any CPU
		Release|Any CPU = Release|Any CPU
	EndGlobalSection
	GlobalSection(ProjectConfigurationPlatforms) = postSolution
		{62C2CE05-5A35-4788-8E99-83AB53019DCF}.Debug|Any CPU.ActiveCfg = Debug|Any CPU
		{62C2CE05-5A35-4788-8E99-83AB53019DCF}.Debug|Any CPU.Build.0 = Debug|Any CPU
		{62C2CE05-5A35-4788-8E99-83AB53019DCF}.Release|Any CPU.ActiveCfg = Release|Any CPU
		{62C2CE05-5A35-4788-8E99-83AB53019DCF}.Release|Any CPU.Build.0 = Release|Any CPU
	EndGlobalSection
	GlobalSection(SolutionProperties) = preSolution
		HideSolutionNode = FALSE
	EndGlobalSection
	GlobalSection(ExtensibilityGlobals) = postSolution
		SolutionGuid = {E76107AC-7FC4-41D9-B97C-F3C4D6D40C5C}
	EndGlobalSection
EndGlobal
