
Microsoft Visual Studio Solution File, Format Version 12.00
# Visual Studio Version 17
VisualStudioVersion = 17.5.33516.290
MinimumVisualStudioVersion = 10.0.40219.1
Project("{FAE04EC0-301F-11D3-BF4B-00C04F79EFBC}") = "JavaComparer", "JavaComparer\JavaComparer.csproj", "{F6B7668B-5ED3-47AF-944E-4E2AAA4AC42C}"
EndProject
Global
	GlobalSection(SolutionConfigurationPlatforms) = preSolution
		Debug|Any CPU = Debug|Any CPU
		Release|Any CPU = Release|Any CPU
	EndGlobalSection
	GlobalSection(ProjectConfigurationPlatforms) = postSolution
		{F6B7668B-5ED3-47AF-944E-4E2AAA4AC42C}.Debug|Any CPU.ActiveCfg = Debug|Any CPU
		{F6B7668B-5ED3-47AF-944E-4E2AAA4AC42C}.Debug|Any CPU.Build.0 = Debug|Any CPU
		{F6B7668B-5ED3-47AF-944E-4E2AAA4AC42C}.Release|Any CPU.ActiveCfg = Release|Any CPU
		{F6B7668B-5ED3-47AF-944E-4E2AAA4AC42C}.Release|Any CPU.Build.0 = Release|Any CPU
	EndGlobalSection
	GlobalSection(SolutionProperties) = preSolution
		HideSolutionNode = FALSE
	EndGlobalSection
	GlobalSection(ExtensibilityGlobals) = postSolution
		SolutionGuid = {CAEC38DB-E8EF-4DDA-B5DA-01A05D950D0A}
	EndGlobalSection
EndGlobal
