
Microsoft Visual Studio Solution File, Format Version 12.00
# Visual Studio Version 17
VisualStudioVersion = 17.5.33516.290
MinimumVisualStudioVersion = 10.0.40219.1
Project("{FAE04EC0-301F-11D3-BF4B-00C04F79EFBC}") = "sum of num", "sum of num\sum of num.csproj", "{CDCB6DE9-320E-4EAE-9A11-FA79ECABC343}"
EndProject
Global
	GlobalSection(SolutionConfigurationPlatforms) = preSolution
		Debug|Any CPU = Debug|Any CPU
		Release|Any CPU = Release|Any CPU
	EndGlobalSection
	GlobalSection(ProjectConfigurationPlatforms) = postSolution
		{CDCB6DE9-320E-4EAE-9A11-FA79ECABC343}.Debug|Any CPU.ActiveCfg = Debug|Any CPU
		{CDCB6DE9-320E-4EAE-9A11-FA79ECABC343}.Debug|Any CPU.Build.0 = Debug|Any CPU
		{CDCB6DE9-320E-4EAE-9A11-FA79ECABC343}.Release|Any CPU.ActiveCfg = Release|Any CPU
		{CDCB6DE9-320E-4EAE-9A11-FA79ECABC343}.Release|Any CPU.Build.0 = Release|Any CPU
	EndGlobalSection
	GlobalSection(SolutionProperties) = preSolution
		HideSolutionNode = FALSE
	EndGlobalSection
	GlobalSection(ExtensibilityGlobals) = postSolution
		SolutionGuid = {B14278E0-8905-4792-8BD7-2B9185307D33}
	EndGlobalSection
EndGlobal
