
Microsoft Visual Studio Solution File, Format Version 12.00
# Visual Studio Version 17
VisualStudioVersion = 17.5.33516.290
MinimumVisualStudioVersion = 10.0.40219.1
Project("{FAE04EC0-301F-11D3-BF4B-00C04F79EFBC}") = "EFDEMO", "EFDEMO\EFDEMO.csproj", "{6F13E88D-4603-41EE-983E-7F0C31F15729}"
EndProject
Global
	GlobalSection(SolutionConfigurationPlatforms) = preSolution
		Debug|Any CPU = Debug|Any CPU
		Release|Any CPU = Release|Any CPU
	EndGlobalSection
	GlobalSection(ProjectConfigurationPlatforms) = postSolution
		{6F13E88D-4603-41EE-983E-7F0C31F15729}.Debug|Any CPU.ActiveCfg = Debug|Any CPU
		{6F13E88D-4603-41EE-983E-7F0C31F15729}.Debug|Any CPU.Build.0 = Debug|Any CPU
		{6F13E88D-4603-41EE-983E-7F0C31F15729}.Release|Any CPU.ActiveCfg = Release|Any CPU
		{6F13E88D-4603-41EE-983E-7F0C31F15729}.Release|Any CPU.Build.0 = Release|Any CPU
	EndGlobalSection
	GlobalSection(SolutionProperties) = preSolution
		HideSolutionNode = FALSE
	EndGlobalSection
	GlobalSection(ExtensibilityGlobals) = postSolution
		SolutionGuid = {73643804-84AF-4653-9BAC-6B6B5EA0EA53}
	EndGlobalSection
EndGlobal
