
Microsoft Visual Studio Solution File, Format Version 12.00
# Visual Studio Version 17
VisualStudioVersion = 17.5.33516.290
MinimumVisualStudioVersion = 10.0.40219.1
Project("{FAE04EC0-301F-11D3-BF4B-00C04F79EFBC}") = "NunitDemo", "NunitDemo\NunitDemo.csproj", "{131C6E60-DBA7-48BF-B6D7-7F28E8CD58D9}"
EndProject
Project("{FAE04EC0-301F-11D3-BF4B-00C04F79EFBC}") = "NunitDemoTest", "NunitDemoTest\NunitDemoTest.csproj", "{4CAF6234-C444-4013-95D6-96ABA9FD38F3}"
EndProject
Global
	GlobalSection(SolutionConfigurationPlatforms) = preSolution
		Debug|Any CPU = Debug|Any CPU
		Release|Any CPU = Release|Any CPU
	EndGlobalSection
	GlobalSection(ProjectConfigurationPlatforms) = postSolution
		{131C6E60-DBA7-48BF-B6D7-7F28E8CD58D9}.Debug|Any CPU.ActiveCfg = Debug|Any CPU
		{131C6E60-DBA7-48BF-B6D7-7F28E8CD58D9}.Debug|Any CPU.Build.0 = Debug|Any CPU
		{131C6E60-DBA7-48BF-B6D7-7F28E8CD58D9}.Release|Any CPU.ActiveCfg = Release|Any CPU
		{131C6E60-DBA7-48BF-B6D7-7F28E8CD58D9}.Release|Any CPU.Build.0 = Release|Any CPU
		{4CAF6234-C444-4013-95D6-96ABA9FD38F3}.Debug|Any CPU.ActiveCfg = Debug|Any CPU
		{4CAF6234-C444-4013-95D6-96ABA9FD38F3}.Debug|Any CPU.Build.0 = Debug|Any CPU
		{4CAF6234-C444-4013-95D6-96ABA9FD38F3}.Release|Any CPU.ActiveCfg = Release|Any CPU
		{4CAF6234-C444-4013-95D6-96ABA9FD38F3}.Release|Any CPU.Build.0 = Release|Any CPU
	EndGlobalSection
	GlobalSection(SolutionProperties) = preSolution
		HideSolutionNode = FALSE
	EndGlobalSection
	GlobalSection(ExtensibilityGlobals) = postSolution
		SolutionGuid = {E75D7765-26F1-4949-B9F3-363BC9A4119A}
	EndGlobalSection
EndGlobal
