
Microsoft Visual Studio Solution File, Format Version 12.00
# Visual Studio Version 17
VisualStudioVersion = 17.5.33516.290
MinimumVisualStudioVersion = 10.0.40219.1
Project("{FAE04EC0-301F-11D3-BF4B-00C04F79EFBC}") = "date time2", "date time2\date time2.csproj", "{DA759437-161D-4BF7-979D-AFF2E9017EDB}"
EndProject
Global
	GlobalSection(SolutionConfigurationPlatforms) = preSolution
		Debug|Any CPU = Debug|Any CPU
		Release|Any CPU = Release|Any CPU
	EndGlobalSection
	GlobalSection(ProjectConfigurationPlatforms) = postSolution
		{DA759437-161D-4BF7-979D-AFF2E9017EDB}.Debug|Any CPU.ActiveCfg = Debug|Any CPU
		{DA759437-161D-4BF7-979D-AFF2E9017EDB}.Debug|Any CPU.Build.0 = Debug|Any CPU
		{DA759437-161D-4BF7-979D-AFF2E9017EDB}.Release|Any CPU.ActiveCfg = Release|Any CPU
		{DA759437-161D-4BF7-979D-AFF2E9017EDB}.Release|Any CPU.Build.0 = Release|Any CPU
	EndGlobalSection
	GlobalSection(SolutionProperties) = preSolution
		HideSolutionNode = FALSE
	EndGlobalSection
	GlobalSection(ExtensibilityGlobals) = postSolution
		SolutionGuid = {9067019D-292F-4AED-82FA-06BC67512F89}
	EndGlobalSection
EndGlobal
